
Microsoft Visual Studio Solution File, Format Version 12.00
# Visual Studio 2012
Project("{FAE04EC0-301F-11D3-BF4B-00C04F79EFBC}") = "DNSAera", "DNSAera.csproj", "{F6F45622-E3B2-45DC-B6A8-7B7C1152AB50}"
EndProject
Global
	GlobalSection(SolutionConfigurationPlatforms) = preSolution
		Debug|x86 = Debug|x86
		Release|x86 = Release|x86
	EndGlobalSection
	GlobalSection(ProjectConfigurationPlatforms) = postSolution
		{F6F45622-E3B2-45DC-B6A8-7B7C1152AB50}.Debug|x86.ActiveCfg = Debug|x86
		{F6F45622-E3B2-45DC-B6A8-7B7C1152AB50}.Debug|x86.Build.0 = Debug|x86
		{F6F45622-E3B2-45DC-B6A8-7B7C1152AB50}.Release|x86.ActiveCfg = Release|x86
		{F6F45622-E3B2-45DC-B6A8-7B7C1152AB50}.Release|x86.Build.0 = Release|x86
	EndGlobalSection
	GlobalSection(SolutionProperties) = preSolution
		HideSolutionNode = FALSE
	EndGlobalSection
EndGlobal
